
Microsoft Visual Studio Solution File, Format Version 12.00
# Visual Studio Version 17
VisualStudioVersion = 17.0.31903.59
MinimumVisualStudioVersion = 10.0.40219.1
Project("{FAE04EC0-301F-11D3-BF4B-00C04F79EFBC}") = "Preventivatore.Core", "Preventivatore.Core\Preventivatore.Core.csproj", "{BE25EBD1-E82E-4CE4-A87D-A3176D5B5F1B}"
EndProject
Project("{FAE04EC0-301F-11D3-BF4B-00C04F79EFBC}") = "Preventivatore.Infrastructure", "Preventivatore.Infrastructure\Preventivatore.Infrastructure.csproj", "{EC2514AD-A85E-4EEC-94A0-A3D894D0CC88}"
EndProject
Project("{FAE04EC0-301F-11D3-BF4B-00C04F79EFBC}") = "Preventivatore.Api", "Preventivatore.Api\Preventivatore.Api.csproj", "{3D9F5860-879D-4E74-B35D-763F36B9BA22}"
EndProject
Project("{FAE04EC0-301F-11D3-BF4B-00C04F79EFBC}") = "Preventivatore.WebApp", "Preventivatore.WebApp\Preventivatore.WebApp.csproj", "{B25B96D6-EDDF-451D-A60C-6C13D65DCDB3}"
EndProject
Global
	GlobalSection(SolutionConfigurationPlatforms) = preSolution
		Debug|Any CPU = Debug|Any CPU
		Debug|x64 = Debug|x64
		Debug|x86 = Debug|x86
		Release|Any CPU = Release|Any CPU
		Release|x64 = Release|x64
		Release|x86 = Release|x86
	EndGlobalSection
	GlobalSection(ProjectConfigurationPlatforms) = postSolution
		{BE25EBD1-E82E-4CE4-A87D-A3176D5B5F1B}.Debug|Any CPU.ActiveCfg = Debug|Any CPU
		{BE25EBD1-E82E-4CE4-A87D-A3176D5B5F1B}.Debug|Any CPU.Build.0 = Debug|Any CPU
		{BE25EBD1-E82E-4CE4-A87D-A3176D5B5F1B}.Debug|x64.ActiveCfg = Debug|Any CPU
		{BE25EBD1-E82E-4CE4-A87D-A3176D5B5F1B}.Debug|x64.Build.0 = Debug|Any CPU
		{BE25EBD1-E82E-4CE4-A87D-A3176D5B5F1B}.Debug|x86.ActiveCfg = Debug|Any CPU
		{BE25EBD1-E82E-4CE4-A87D-A3176D5B5F1B}.Debug|x86.Build.0 = Debug|Any CPU
		{BE25EBD1-E82E-4CE4-A87D-A3176D5B5F1B}.Release|Any CPU.ActiveCfg = Release|Any CPU
		{BE25EBD1-E82E-4CE4-A87D-A3176D5B5F1B}.Release|Any CPU.Build.0 = Release|Any CPU
		{BE25EBD1-E82E-4CE4-A87D-A3176D5B5F1B}.Release|x64.ActiveCfg = Release|Any CPU
		{BE25EBD1-E82E-4CE4-A87D-A3176D5B5F1B}.Release|x64.Build.0 = Release|Any CPU
		{BE25EBD1-E82E-4CE4-A87D-A3176D5B5F1B}.Release|x86.ActiveCfg = Release|Any CPU
		{BE25EBD1-E82E-4CE4-A87D-A3176D5B5F1B}.Release|x86.Build.0 = Release|Any CPU
		{EC2514AD-A85E-4EEC-94A0-A3D894D0CC88}.Debug|Any CPU.ActiveCfg = Debug|Any CPU
		{EC2514AD-A85E-4EEC-94A0-A3D894D0CC88}.Debug|Any CPU.Build.0 = Debug|Any CPU
		{EC2514AD-A85E-4EEC-94A0-A3D894D0CC88}.Debug|x64.ActiveCfg = Debug|Any CPU
		{EC2514AD-A85E-4EEC-94A0-A3D894D0CC88}.Debug|x64.Build.0 = Debug|Any CPU
		{EC2514AD-A85E-4EEC-94A0-A3D894D0CC88}.Debug|x86.ActiveCfg = Debug|Any CPU
		{EC2514AD-A85E-4EEC-94A0-A3D894D0CC88}.Debug|x86.Build.0 = Debug|Any CPU
		{EC2514AD-A85E-4EEC-94A0-A3D894D0CC88}.Release|Any CPU.ActiveCfg = Release|Any CPU
		{EC2514AD-A85E-4EEC-94A0-A3D894D0CC88}.Release|Any CPU.Build.0 = Release|Any CPU
		{EC2514AD-A85E-4EEC-94A0-A3D894D0CC88}.Release|x64.ActiveCfg = Release|Any CPU
		{EC2514AD-A85E-4EEC-94A0-A3D894D0CC88}.Release|x64.Build.0 = Release|Any CPU
		{EC2514AD-A85E-4EEC-94A0-A3D894D0CC88}.Release|x86.ActiveCfg = Release|Any CPU
		{EC2514AD-A85E-4EEC-94A0-A3D894D0CC88}.Release|x86.Build.0 = Release|Any CPU
		{3D9F5860-879D-4E74-B35D-763F36B9BA22}.Debug|Any CPU.ActiveCfg = Debug|Any CPU
		{3D9F5860-879D-4E74-B35D-763F36B9BA22}.Debug|Any CPU.Build.0 = Debug|Any CPU
		{3D9F5860-879D-4E74-B35D-763F36B9BA22}.Debug|x64.ActiveCfg = Debug|Any CPU
		{3D9F5860-879D-4E74-B35D-763F36B9BA22}.Debug|x64.Build.0 = Debug|Any CPU
		{3D9F5860-879D-4E74-B35D-763F36B9BA22}.Debug|x86.ActiveCfg = Debug|Any CPU
		{3D9F5860-879D-4E74-B35D-763F36B9BA22}.Debug|x86.Build.0 = Debug|Any CPU
		{3D9F5860-879D-4E74-B35D-763F36B9BA22}.Release|Any CPU.ActiveCfg = Release|Any CPU
		{3D9F5860-879D-4E74-B35D-763F36B9BA22}.Release|Any CPU.Build.0 = Release|Any CPU
		{3D9F5860-879D-4E74-B35D-763F36B9BA22}.Release|x64.ActiveCfg = Release|Any CPU
		{3D9F5860-879D-4E74-B35D-763F36B9BA22}.Release|x64.Build.0 = Release|Any CPU
		{3D9F5860-879D-4E74-B35D-763F36B9BA22}.Release|x86.ActiveCfg = Release|Any CPU
		{3D9F5860-879D-4E74-B35D-763F36B9BA22}.Release|x86.Build.0 = Release|Any CPU
		{B25B96D6-EDDF-451D-A60C-6C13D65DCDB3}.Debug|Any CPU.ActiveCfg = Debug|Any CPU
		{B25B96D6-EDDF-451D-A60C-6C13D65DCDB3}.Debug|Any CPU.Build.0 = Debug|Any CPU
		{B25B96D6-EDDF-451D-A60C-6C13D65DCDB3}.Debug|x64.ActiveCfg = Debug|Any CPU
		{B25B96D6-EDDF-451D-A60C-6C13D65DCDB3}.Debug|x64.Build.0 = Debug|Any CPU
		{B25B96D6-EDDF-451D-A60C-6C13D65DCDB3}.Debug|x86.ActiveCfg = Debug|Any CPU
		{B25B96D6-EDDF-451D-A60C-6C13D65DCDB3}.Debug|x86.Build.0 = Debug|Any CPU
		{B25B96D6-EDDF-451D-A60C-6C13D65DCDB3}.Release|Any CPU.ActiveCfg = Release|Any CPU
		{B25B96D6-EDDF-451D-A60C-6C13D65DCDB3}.Release|Any CPU.Build.0 = Release|Any CPU
		{B25B96D6-EDDF-451D-A60C-6C13D65DCDB3}.Release|x64.ActiveCfg = Release|Any CPU
		{B25B96D6-EDDF-451D-A60C-6C13D65DCDB3}.Release|x64.Build.0 = Release|Any CPU
		{B25B96D6-EDDF-451D-A60C-6C13D65DCDB3}.Release|x86.ActiveCfg = Release|Any CPU
		{B25B96D6-EDDF-451D-A60C-6C13D65DCDB3}.Release|x86.Build.0 = Release|Any CPU
	EndGlobalSection
	GlobalSection(SolutionProperties) = preSolution
		HideSolutionNode = FALSE
	EndGlobalSection
	GlobalSection(ExtensibilityGlobals) = postSolution
		SolutionGuid = {9EA31364-40A5-43BC-9E27-22999E39BFDA}
	EndGlobalSection
EndGlobal
